// !$*UTF8*$!
{
	archiveVersion = 1;
	classes = {
	};
	objectVersion = 46;
	objects = {

/* Begin PBXBuildFile section */
		3FC1954D5E5A9315A28DE884 /* Pods_facebookFeed.framework in Frameworks */ = {isa = PBXBuildFile; fileRef = 3E2BA1ECBFD9DB8934668325 /* Pods_facebookFeed.framework */; };
		B52E814B1D761EE70012A174 /* TabBarController.swift in Sources */ = {isa = PBXBuildFile; fileRef = B52E814A1D761EE70012A174 /* TabBarController.swift */; };
		B52E814D1D7621DA0012A174 /* FriendRequestsController.swift in Sources */ = {isa = PBXBuildFile; fileRef = B52E814C1D7621DA0012A174 /* FriendRequestsController.swift */; };
		B538B21B2585CAB200C6997F /* Location.swift in Sources */ = {isa = PBXBuildFile; fileRef = B538B21A2585CAB200C6997F /* Location.swift */; };
		B538B21E2585CADC00C6997F /* Feed.swift in Sources */ = {isa = PBXBuildFile; fileRef = B538B21D2585CADC00C6997F /* Feed.swift */; };
		B551C5D11D8A410000D85310 /* single_post.json in Resources */ = {isa = PBXBuildFile; fileRef = B551C5D01D8A410000D85310 /* single_post.json */; };
		B551C5D51D8A41BA00D85310 /* all_posts.json in Resources */ = {isa = PBXBuildFile; fileRef = B551C5D41D8A41BA00D85310 /* all_posts.json */; };
		B57C80821D6A4AFE002CDC14 /* AppDelegate.swift in Sources */ = {isa = PBXBuildFile; fileRef = B57C80811D6A4AFE002CDC14 /* AppDelegate.swift */; };
		B57C80841D6A4AFE002CDC14 /* FeedController.swift in Sources */ = {isa = PBXBuildFile; fileRef = B57C80831D6A4AFE002CDC14 /* FeedController.swift */; };
		B57C80891D6A4AFE002CDC14 /* Assets.xcassets in Resources */ = {isa = PBXBuildFile; fileRef = B57C80881D6A4AFE002CDC14 /* Assets.xcassets */; };
		B57C808C1D6A4AFE002CDC14 /* LaunchScreen.storyboard in Resources */ = {isa = PBXBuildFile; fileRef = B57C808A1D6A4AFE002CDC14 /* LaunchScreen.storyboard */; };
		B57C80941D6A4CEF002CDC14 /* Main.storyboard in Resources */ = {isa = PBXBuildFile; fileRef = B57C80931D6A4CEF002CDC14 /* Main.storyboard */; };
		B59EE2321D6FE2E4005B7B98 /* FeedCell.swift in Sources */ = {isa = PBXBuildFile; fileRef = B59EE2311D6FE2E4005B7B98 /* FeedCell.swift */; };
		B59EE2341D6FE384005B7B98 /* Posts.swift in Sources */ = {isa = PBXBuildFile; fileRef = B59EE2331D6FE384005B7B98 /* Posts.swift */; };
		B59EE2361D6FEA1E005B7B98 /* Extensions.swift in Sources */ = {isa = PBXBuildFile; fileRef = B59EE2351D6FEA1E005B7B98 /* Extensions.swift */; };
		B5CAA6761DD0290400869DBF /* BaseCell.swift in Sources */ = {isa = PBXBuildFile; fileRef = B5CAA6751DD0290400869DBF /* BaseCell.swift */; };
		B5CAA6781DD029A500869DBF /* FriendRequestCell.swift in Sources */ = {isa = PBXBuildFile; fileRef = B5CAA6771DD029A500869DBF /* FriendRequestCell.swift */; };
/* End PBXBuildFile section */

/* Begin PBXFileReference section */
		109D7E62CA5928146D328BCF /* Pods-facebookFeed.debug.xcconfig */ = {isa = PBXFileReference; includeInIndex = 1; lastKnownFileType = text.xcconfig; name = "Pods-facebookFeed.debug.xcconfig"; path = "Target Support Files/Pods-facebookFeed/Pods-facebookFeed.debug.xcconfig"; sourceTree = "<group>"; };
		3E2BA1ECBFD9DB8934668325 /* Pods_facebookFeed.framework */ = {isa = PBXFileReference; explicitFileType = wrapper.framework; includeInIndex = 0; path = Pods_facebookFeed.framework; sourceTree = BUILT_PRODUCTS_DIR; };
		B52E814A1D761EE70012A174 /* TabBarController.swift */ = {isa = PBXFileReference; fileEncoding = 4; lastKnownFileType = sourcecode.swift; path = TabBarController.swift; sourceTree = "<group>"; };
		B52E814C1D7621DA0012A174 /* FriendRequestsController.swift */ = {isa = PBXFileReference; fileEncoding = 4; lastKnownFileType = sourcecode.swift; path = FriendRequestsController.swift; sourceTree = "<group>"; };
		B538B21A2585CAB200C6997F /* Location.swift */ = {isa = PBXFileReference; lastKnownFileType = sourcecode.swift; path = Location.swift; sourceTree = "<group>"; };
		B538B21D2585CADC00C6997F /* Feed.swift */ = {isa = PBXFileReference; lastKnownFileType = sourcecode.swift; path = Feed.swift; sourceTree = "<group>"; };
		B551C5D01D8A410000D85310 /* single_post.json */ = {isa = PBXFileReference; fileEncoding = 4; lastKnownFileType = text.json; path = single_post.json; sourceTree = "<group>"; };
		B551C5D41D8A41BA00D85310 /* all_posts.json */ = {isa = PBXFileReference; fileEncoding = 4; lastKnownFileType = text.json; path = all_posts.json; sourceTree = "<group>"; };
		B57C807E1D6A4AFE002CDC14 /* facebookFeed.app */ = {isa = PBXFileReference; explicitFileType = wrapper.application; includeInIndex = 0; path = facebookFeed.app; sourceTree = BUILT_PRODUCTS_DIR; };
		B57C80811D6A4AFE002CDC14 /* AppDelegate.swift */ = {isa = PBXFileReference; lastKnownFileType = sourcecode.swift; path = AppDelegate.swift; sourceTree = "<group>"; };
		B57C80831D6A4AFE002CDC14 /* FeedController.swift */ = {isa = PBXFileReference; lastKnownFileType = sourcecode.swift; path = FeedController.swift; sourceTree = "<group>"; };
		B57C80881D6A4AFE002CDC14 /* Assets.xcassets */ = {isa = PBXFileReference; lastKnownFileType = folder.assetcatalog; path = Assets.xcassets; sourceTree = "<group>"; };
		B57C808B1D6A4AFE002CDC14 /* Base */ = {isa = PBXFileReference; lastKnownFileType = file.storyboard; name = Base; path = Base.lproj/LaunchScreen.storyboard; sourceTree = "<group>"; };
		B57C808D1D6A4AFE002CDC14 /* Info.plist */ = {isa = PBXFileReference; lastKnownFileType = text.plist.xml; path = Info.plist; sourceTree = "<group>"; };
		B57C80931D6A4CEF002CDC14 /* Main.storyboard */ = {isa = PBXFileReference; fileEncoding = 4; lastKnownFileType = file.storyboard; path = Main.storyboard; sourceTree = "<group>"; };
		B59EE2311D6FE2E4005B7B98 /* FeedCell.swift */ = {isa = PBXFileReference; fileEncoding = 4; lastKnownFileType = sourcecode.swift; path = FeedCell.swift; sourceTree = "<group>"; };
		B59EE2331D6FE384005B7B98 /* Posts.swift */ = {isa = PBXFileReference; fileEncoding = 4; lastKnownFileType = sourcecode.swift; path = Posts.swift; sourceTree = "<group>"; };
		B59EE2351D6FEA1E005B7B98 /* Extensions.swift */ = {isa = PBXFileReference; fileEncoding = 4; lastKnownFileType = sourcecode.swift; path = Extensions.swift; sourceTree = "<group>"; };
		B5CAA6751DD0290400869DBF /* BaseCell.swift */ = {isa = PBXFileReference; fileEncoding = 4; lastKnownFileType = sourcecode.swift; path = BaseCell.swift; sourceTree = "<group>"; };
		B5CAA6771DD029A500869DBF /* FriendRequestCell.swift */ = {isa = PBXFileReference; fileEncoding = 4; lastKnownFileType = sourcecode.swift; path = FriendRequestCell.swift; sourceTree = "<group>"; };
		C8DB31D2793301610ECE317A /* Pods-facebookFeed.release.xcconfig */ = {isa = PBXFileReference; includeInIndex = 1; lastKnownFileType = text.xcconfig; name = "Pods-facebookFeed.release.xcconfig"; path = "Target Support Files/Pods-facebookFeed/Pods-facebookFeed.release.xcconfig"; sourceTree = "<group>"; };
/* End PBXFileReference section */

/* Begin PBXFrameworksBuildPhase section */
		B57C807B1D6A4AFE002CDC14 /* Frameworks */ = {
			isa = PBXFrameworksBuildPhase;
			buildActionMask = 2147483647;
			files = (
				3FC1954D5E5A9315A28DE884 /* Pods_facebookFeed.framework in Frameworks */,
			);
			runOnlyForDeploymentPostprocessing = 0;
		};
/* End PBXFrameworksBuildPhase section */

/* Begin PBXGroup section */
		B551C5D61D8A54C800D85310 /* Controller */ = {
			isa = PBXGroup;
			children = (
				B52E814A1D761EE70012A174 /* TabBarController.swift */,
				B57C80831D6A4AFE002CDC14 /* FeedController.swift */,
				B52E814C1D7621DA0012A174 /* FriendRequestsController.swift */,
			);
			name = Controller;
			sourceTree = "<group>";
		};
		B57C80751D6A4AFE002CDC14 = {
			isa = PBXGroup;
			children = (
				B57C80801D6A4AFE002CDC14 /* facebookFeed */,
				B57C807F1D6A4AFE002CDC14 /* Products */,
				E5ADEC48519382DB67E2CEF4 /* Pods */,
				D02FF8FD730FE1B30C479C33 /* Frameworks */,
			);
			sourceTree = "<group>";
		};
		B57C807F1D6A4AFE002CDC14 /* Products */ = {
			isa = PBXGroup;
			children = (
				B57C807E1D6A4AFE002CDC14 /* facebookFeed.app */,
			);
			name = Products;
			sourceTree = "<group>";
		};
		B57C80801D6A4AFE002CDC14 /* facebookFeed */ = {
			isa = PBXGroup;
			children = (
				B5CAA6721DD021FF00869DBF /* Supporting Files */,
				B5CAA6741DD0222E00869DBF /* Modesl */,
				B5CAA6731DD0221400869DBF /* Views */,
				B551C5D61D8A54C800D85310 /* Controller */,
				B59EE2351D6FEA1E005B7B98 /* Extensions.swift */,
				B57C80811D6A4AFE002CDC14 /* AppDelegate.swift */,
			);
			path = facebookFeed;
			sourceTree = "<group>";
		};
		B5CAA6721DD021FF00869DBF /* Supporting Files */ = {
			isa = PBXGroup;
			children = (
				B57C808A1D6A4AFE002CDC14 /* LaunchScreen.storyboard */,
				B57C80931D6A4CEF002CDC14 /* Main.storyboard */,
				B551C5D01D8A410000D85310 /* single_post.json */,
				B551C5D41D8A41BA00D85310 /* all_posts.json */,
				B57C80881D6A4AFE002CDC14 /* Assets.xcassets */,
				B57C808D1D6A4AFE002CDC14 /* Info.plist */,
			);
			name = "Supporting Files";
			sourceTree = "<group>";
		};
		B5CAA6731DD0221400869DBF /* Views */ = {
			isa = PBXGroup;
			children = (
				B5CAA6751DD0290400869DBF /* BaseCell.swift */,
				B59EE2311D6FE2E4005B7B98 /* FeedCell.swift */,
				B5CAA6771DD029A500869DBF /* FriendRequestCell.swift */,
			);
			name = Views;
			sourceTree = "<group>";
		};
		B5CAA6741DD0222E00869DBF /* Modesl */ = {
			isa = PBXGroup;
			children = (
				B59EE2331D6FE384005B7B98 /* Posts.swift */,
				B538B21A2585CAB200C6997F /* Location.swift */,
				B538B21D2585CADC00C6997F /* Feed.swift */,
			);
			name = Modesl;
			sourceTree = "<group>";
		};
		D02FF8FD730FE1B30C479C33 /* Frameworks */ = {
			isa = PBXGroup;
			children = (
				3E2BA1ECBFD9DB8934668325 /* Pods_facebookFeed.framework */,
			);
			name = Frameworks;
			sourceTree = "<group>";
		};
		E5ADEC48519382DB67E2CEF4 /* Pods */ = {
			isa = PBXGroup;
			children = (
				109D7E62CA5928146D328BCF /* Pods-facebookFeed.debug.xcconfig */,
				C8DB31D2793301610ECE317A /* Pods-facebookFeed.release.xcconfig */,
			);
			name = Pods;
			path = Pods;
			sourceTree = "<group>";
		};
/* End PBXGroup section */

/* Begin PBXNativeTarget section */
		B57C807D1D6A4AFE002CDC14 /* facebookFeed */ = {
			isa = PBXNativeTarget;
			buildConfigurationList = B57C80901D6A4AFE002CDC14 /* Build configuration list for PBXNativeTarget "facebookFeed" */;
			buildPhases = (
				A7EC7B24DEAE1761F0D1B769 /* [CP] Check Pods Manifest.lock */,
				B57C807A1D6A4AFE002CDC14 /* Sources */,
				B57C807B1D6A4AFE002CDC14 /* Frameworks */,
				B57C807C1D6A4AFE002CDC14 /* Resources */,
				C8BCDE77E4E65D1831E3CE92 /* [CP] Embed Pods Frameworks */,
			);
			buildRules = (
			);
			dependencies = (
			);
			name = facebookFeed;
			productName = facebookFeed;
			productReference = B57C807E1D6A4AFE002CDC14 /* facebookFeed.app */;
			productType = "com.apple.product-type.application";
		};
/* End PBXNativeTarget section */

/* Begin PBXProject section */
		B57C80761D6A4AFE002CDC14 /* Project object */ = {
			isa = PBXProject;
			attributes = {
				LastSwiftUpdateCheck = 0730;
				LastUpgradeCheck = 1220;
				ORGANIZATIONNAME = MarkiiimarK;
				TargetAttributes = {
					B57C807D1D6A4AFE002CDC14 = {
						CreatedOnToolsVersion = 7.3.1;
						DevelopmentTeam = 4896ZP32KP;
						LastSwiftMigration = 0800;
						SystemCapabilities = {
							com.apple.Maps.iOS = {
								enabled = 0;
							};
						};
					};
				};
			};
			buildConfigurationList = B57C80791D6A4AFE002CDC14 /* Build configuration list for PBXProject "facebookFeed" */;
			compatibilityVersion = "Xcode 3.2";
			developmentRegion = en;
			hasScannedForEncodings = 0;
			knownRegions = (
				en,
				Base,
			);
			mainGroup = B57C80751D6A4AFE002CDC14;
			productRefGroup = B57C807F1D6A4AFE002CDC14 /* Products */;
			projectDirPath = "";
			projectRoot = "";
			targets = (
				B57C807D1D6A4AFE002CDC14 /* facebookFeed */,
			);
		};
/* End PBXProject section */

/* Begin PBXResourcesBuildPhase section */
		B57C807C1D6A4AFE002CDC14 /* Resources */ = {
			isa = PBXResourcesBuildPhase;
			buildActionMask = 2147483647;
			files = (
				B57C808C1D6A4AFE002CDC14 /* LaunchScreen.storyboard in Resources */,
				B57C80941D6A4CEF002CDC14 /* Main.storyboard in Resources */,
				B551C5D51D8A41BA00D85310 /* all_posts.json in Resources */,
				B57C80891D6A4AFE002CDC14 /* Assets.xcassets in Resources */,
				B551C5D11D8A410000D85310 /* single_post.json in Resources */,
			);
			runOnlyForDeploymentPostprocessing = 0;
		};
/* End PBXResourcesBuildPhase section */

/* Begin PBXShellScriptBuildPhase section */
		A7EC7B24DEAE1761F0D1B769 /* [CP] Check Pods Manifest.lock */ = {
			isa = PBXShellScriptBuildPhase;
			buildActionMask = 2147483647;
			files = (
			);
			inputFileListPaths = (
			);
			inputPaths = (
				"${PODS_PODFILE_DIR_PATH}/Podfile.lock",
				"${PODS_ROOT}/Manifest.lock",
			);
			name = "[CP] Check Pods Manifest.lock";
			outputFileListPaths = (
			);
			outputPaths = (
				"$(DERIVED_FILE_DIR)/Pods-facebookFeed-checkManifestLockResult.txt",
			);
			runOnlyForDeploymentPostprocessing = 0;
			shellPath = /bin/sh;
			shellScript = "diff \"${PODS_PODFILE_DIR_PATH}/Podfile.lock\" \"${PODS_ROOT}/Manifest.lock\" > /dev/null\nif [ $? != 0 ] ; then\n    # print error to STDERR\n    echo \"error: The sandbox is not in sync with the Podfile.lock. Run 'pod install' or update your CocoaPods installation.\" >&2\n    exit 1\nfi\n# This output is used by Xcode 'outputs' to avoid re-running this script phase.\necho \"SUCCESS\" > \"${SCRIPT_OUTPUT_FILE_0}\"\n";
			showEnvVarsInLog = 0;
		};
		C8BCDE77E4E65D1831E3CE92 /* [CP] Embed Pods Frameworks */ = {
			isa = PBXShellScriptBuildPhase;
			buildActionMask = 2147483647;
			files = (
			);
			inputPaths = (
				"${PODS_ROOT}/Target Support Files/Pods-facebookFeed/Pods-facebookFeed-frameworks.sh",
				"${BUILT_PRODUCTS_DIR}/SnapKit/SnapKit.framework",
			);
			name = "[CP] Embed Pods Frameworks";
			outputPaths = (
				"${TARGET_BUILD_DIR}/${FRAMEWORKS_FOLDER_PATH}/SnapKit.framework",
			);
			runOnlyForDeploymentPostprocessing = 0;
			shellPath = /bin/sh;
			shellScript = "\"${PODS_ROOT}/Target Support Files/Pods-facebookFeed/Pods-facebookFeed-frameworks.sh\"\n";
			showEnvVarsInLog = 0;
		};
/* End PBXShellScriptBuildPhase section */

/* Begin PBXSourcesBuildPhase section */
		B57C807A1D6A4AFE002CDC14 /* Sources */ = {
			isa = PBXSourcesBuildPhase;
			buildActionMask = 2147483647;
			files = (
				B52E814B1D761EE70012A174 /* TabBarController.swift in Sources */,
				B59EE2361D6FEA1E005B7B98 /* Extensions.swift in Sources */,
				B538B21B2585CAB200C6997F /* Location.swift in Sources */,
				B57C80841D6A4AFE002CDC14 /* FeedController.swift in Sources */,
				B538B21E2585CADC00C6997F /* Feed.swift in Sources */,
				B59EE2321D6FE2E4005B7B98 /* FeedCell.swift in Sources */,
				B5CAA6781DD029A500869DBF /* FriendRequestCell.swift in Sources */,
				B5CAA6761DD0290400869DBF /* BaseCell.swift in Sources */,
				B57C80821D6A4AFE002CDC14 /* AppDelegate.swift in Sources */,
				B59EE2341D6FE384005B7B98 /* Posts.swift in Sources */,
				B52E814D1D7621DA0012A174 /* FriendRequestsController.swift in Sources */,
			);
			runOnlyForDeploymentPostprocessing = 0;
		};
/* End PBXSourcesBuildPhase section */

/* Begin PBXVariantGroup section */
		B57C808A1D6A4AFE002CDC14 /* LaunchScreen.storyboard */ = {
			isa = PBXVariantGroup;
			children = (
				B57C808B1D6A4AFE002CDC14 /* Base */,
			);
			name = LaunchScreen.storyboard;
			sourceTree = "<group>";
		};
/* End PBXVariantGroup section */

/* Begin XCBuildConfiguration section */
		B57C808E1D6A4AFE002CDC14 /* Debug */ = {
			isa = XCBuildConfiguration;
			buildSettings = {
				ALWAYS_SEARCH_USER_PATHS = NO;
				CLANG_ANALYZER_LOCALIZABILITY_NONLOCALIZED = YES;
				CLANG_ANALYZER_NONNULL = YES;
				CLANG_CXX_LANGUAGE_STANDARD = "gnu++0x";
				CLANG_CXX_LIBRARY = "libc++";
				CLANG_ENABLE_MODULES = YES;
				CLANG_ENABLE_OBJC_ARC = YES;
				CLANG_WARN_BLOCK_CAPTURE_AUTORELEASING = YES;
				CLANG_WARN_BOOL_CONVERSION = YES;
				CLANG_WARN_COMMA = YES;
				CLANG_WARN_CONSTANT_CONVERSION = YES;
				CLANG_WARN_DEPRECATED_OBJC_IMPLEMENTATIONS = YES;
				CLANG_WARN_DIRECT_OBJC_ISA_USAGE = YES_ERROR;
				CLANG_WARN_EMPTY_BODY = YES;
				CLANG_WARN_ENUM_CONVERSION = YES;
				CLANG_WARN_INFINITE_RECURSION = YES;
				CLANG_WARN_INT_CONVERSION = YES;
				CLANG_WARN_NON_LITERAL_NULL_CONVERSION = YES;
				CLANG_WARN_OBJC_IMPLICIT_RETAIN_SELF = YES;
				CLANG_WARN_OBJC_LITERAL_CONVERSION = YES;
				CLANG_WARN_OBJC_ROOT_CLASS = YES_ERROR;
				CLANG_WARN_QUOTED_INCLUDE_IN_FRAMEWORK_HEADER = YES;
				CLANG_WARN_RANGE_LOOP_ANALYSIS = YES;
				CLANG_WARN_STRICT_PROTOTYPES = YES;
				CLANG_WARN_SUSPICIOUS_MOVE = YES;
				CLANG_WARN_UNREACHABLE_CODE = YES;
				CLANG_WARN__DUPLICATE_METHOD_MATCH = YES;
				"CODE_SIGN_IDENTITY[sdk=iphoneos*]" = "iPhone Developer";
				COPY_PHASE_STRIP = NO;
				DEBUG_INFORMATION_FORMAT = dwarf;
				ENABLE_STRICT_OBJC_MSGSEND = YES;
				ENABLE_TESTABILITY = YES;
				GCC_C_LANGUAGE_STANDARD = gnu99;
				GCC_DYNAMIC_NO_PIC = NO;
				GCC_NO_COMMON_BLOCKS = YES;
				GCC_OPTIMIZATION_LEVEL = 0;
				GCC_PREPROCESSOR_DEFINITIONS = (
					"DEBUG=1",
					"$(inherited)",
				);
				GCC_WARN_64_TO_32_BIT_CONVERSION = YES;
				GCC_WARN_ABOUT_RETURN_TYPE = YES_ERROR;
				GCC_WARN_UNDECLARED_SELECTOR = YES;
				GCC_WARN_UNINITIALIZED_AUTOS = YES_AGGRESSIVE;
				GCC_WARN_UNUSED_FUNCTION = YES;
				GCC_WARN_UNUSED_VARIABLE = YES;
				IPHONEOS_DEPLOYMENT_TARGET = 10.0;
				MTL_ENABLE_DEBUG_INFO = YES;
				ONLY_ACTIVE_ARCH = YES;
				SDKROOT = iphoneos;
				SWIFT_OPTIMIZATION_LEVEL = "-Onone";
				TARGETED_DEVICE_FAMILY = "1,2";
			};
			name = Debug;
		};
		B57C808F1D6A4AFE002CDC14 /* Release */ = {
			isa = XCBuildConfiguration;
			buildSettings = {
				ALWAYS_SEARCH_USER_PATHS = NO;
				CLANG_ANALYZER_LOCALIZABILITY_NONLOCALIZED = YES;
				CLANG_ANALYZER_NONNULL = YES;
				CLANG_CXX_LANGUAGE_STANDARD = "gnu++0x";
				CLANG_CXX_LIBRARY = "libc++";
				CLANG_ENABLE_MODULES = YES;
				CLANG_ENABLE_OBJC_ARC = YES;
				CLANG_WARN_BLOCK_CAPTURE_AUTORELEASING = YES;
				CLANG_WARN_BOOL_CONVERSION = YES;
				CLANG_WARN_COMMA = YES;
				CLANG_WARN_CONSTANT_CONVERSION = YES;
				CLANG_WARN_DEPRECATED_OBJC_IMPLEMENTATIONS = YES;
				CLANG_WARN_DIRECT_OBJC_ISA_USAGE = YES_ERROR;
				CLANG_WARN_EMPTY_BODY = YES;
				CLANG_WARN_ENUM_CONVERSION = YES;
				CLANG_WARN_INFINITE_RECURSION = YES;
				CLANG_WARN_INT_CONVERSION = YES;
				CLANG_WARN_NON_LITERAL_NULL_CONVERSION = YES;
				CLANG_WARN_OBJC_IMPLICIT_RETAIN_SELF = YES;
				CLANG_WARN_OBJC_LITERAL_CONVERSION = YES;
				CLANG_WARN_OBJC_ROOT_CLASS = YES_ERROR;
				CLANG_WARN_QUOTED_INCLUDE_IN_FRAMEWORK_HEADER = YES;
				CLANG_WARN_RANGE_LOOP_ANALYSIS = YES;
				CLANG_WARN_STRICT_PROTOTYPES = YES;
				CLANG_WARN_SUSPICIOUS_MOVE = YES;
				CLANG_WARN_UNREACHABLE_CODE = YES;
				CLANG_WARN__DUPLICATE_METHOD_MATCH = YES;
				"CODE_SIGN_IDENTITY[sdk=iphoneos*]" = "iPhone Developer";
				COPY_PHASE_STRIP = NO;
				DEBUG_INFORMATION_FORMAT = "dwarf-with-dsym";
				ENABLE_NS_ASSERTIONS = NO;
				ENABLE_STRICT_OBJC_MSGSEND = YES;
				GCC_C_LANGUAGE_STANDARD = gnu99;
				GCC_NO_COMMON_BLOCKS = YES;
				GCC_WARN_64_TO_32_BIT_CONVERSION = YES;
				GCC_WARN_ABOUT_RETURN_TYPE = YES_ERROR;
				GCC_WARN_UNDECLARED_SELECTOR = YES;
				GCC_WARN_UNINITIALIZED_AUTOS = YES_AGGRESSIVE;
				GCC_WARN_UNUSED_FUNCTION = YES;
				GCC_WARN_UNUSED_VARIABLE = YES;
				IPHONEOS_DEPLOYMENT_TARGET = 10.0;
				MTL_ENABLE_DEBUG_INFO = NO;
				SDKROOT = iphoneos;
				SWIFT_OPTIMIZATION_LEVEL = "-Owholemodule";
				TARGETED_DEVICE_FAMILY = "1,2";
				VALIDATE_PRODUCT = YES;
			};
			name = Release;
		};
		B57C80911D6A4AFE002CDC14 /* Debug */ = {
			isa = XCBuildConfiguration;
			baseConfigurationReference = 109D7E62CA5928146D328BCF /* Pods-facebookFeed.debug.xcconfig */;
			buildSettings = {
				ASSETCATALOG_COMPILER_APPICON_NAME = AppIcon;
				INFOPLIST_FILE = facebookFeed/Info.plist;
				LD_RUNPATH_SEARCH_PATHS = "$(inherited) @executable_path/Frameworks";
				PRODUCT_BUNDLE_IDENTIFIER = com.MarkiiimarK.facebookFeed;
				PRODUCT_NAME = "$(TARGET_NAME)";
				SWIFT_VERSION = 5.0;
			};
			name = Debug;
		};
		B57C80921D6A4AFE002CDC14 /* Release */ = {
			isa = XCBuildConfiguration;
			baseConfigurationReference = C8DB31D2793301610ECE317A /* Pods-facebookFeed.release.xcconfig */;
			buildSettings = {
				ASSETCATALOG_COMPILER_APPICON_NAME = AppIcon;
				INFOPLIST_FILE = facebookFeed/Info.plist;
				LD_RUNPATH_SEARCH_PATHS = "$(inherited) @executable_path/Frameworks";
				PRODUCT_BUNDLE_IDENTIFIER = com.MarkiiimarK.facebookFeed;
				PRODUCT_NAME = "$(TARGET_NAME)";
				SWIFT_VERSION = 5.0;
			};
			name = Release;
		};
/* End XCBuildConfiguration section */

/* Begin XCConfigurationList section */
		B57C80791D6A4AFE002CDC14 /* Build configuration list for PBXProject "facebookFeed" */ = {
			isa = XCConfigurationList;
			buildConfigurations = (
				B57C808E1D6A4AFE002CDC14 /* Debug */,
				B57C808F1D6A4AFE002CDC14 /* Release */,
			);
			defaultConfigurationIsVisible = 0;
			defaultConfigurationName = Release;
		};
		B57C80901D6A4AFE002CDC14 /* Build configuration list for PBXNativeTarget "facebookFeed" */ = {
			isa = XCConfigurationList;
			buildConfigurations = (
				B57C80911D6A4AFE002CDC14 /* Debug */,
				B57C80921D6A4AFE002CDC14 /* Release */,
			);
			defaultConfigurationIsVisible = 0;
			defaultConfigurationName = Release;
		};
/* End XCConfigurationList section */
	};
	rootObject = B57C80761D6A4AFE002CDC14 /* Project object */;
}
